// !$*UTF8*$!
{
	archiveVersion = 1;
	classes = {
	};
	objectVersion = 50;
	objects = {

/* Begin PBXBuildFile section */
		1317BD6F218C526300D6D095 /* BloomFilter.swift in Sources */ = {isa = PBXBuildFile; fileRef = 1317BCFF218C526300D6D095 /* BloomFilter.swift */; };
		1317BD70218C526300D6D095 /* TransactionSigner.swift in Sources */ = {isa = PBXBuildFile; fileRef = 1317BD00218C526300D6D095 /* TransactionSigner.swift */; };
		1317BD71218C526300D6D095 /* LBRTransaction.swift in Sources */ = {isa = PBXBuildFile; fileRef = 1317BD01218C526300D6D095 /* LBRTransaction.swift */; };
		1317BD72218C526300D6D095 /* MCURL.swift in Sources */ = {isa = PBXBuildFile; fileRef = 1317BD03218C526300D6D095 /* MCURL.swift */; };
		1317BD73218C526300D6D095 /* EventFiltering.swift in Sources */ = {isa = PBXBuildFile; fileRef = 1317BD05218C526300D6D095 /* EventFiltering.swift */; };
		1317BD74218C526300D6D095 /* ComparisonExtensions.swift in Sources */ = {isa = PBXBuildFile; fileRef = 1317BD06218C526300D6D095 /* ComparisonExtensions.swift */; };
		1317BD75218C526300D6D095 /* LBRFilterEncodingExtensions.swift in Sources */ = {isa = PBXBuildFile; fileRef = 1317BD07218C526300D6D095 /* LBRFilterEncodingExtensions.swift */; };
		1317BD76218C526300D6D095 /* ContractProtocol.swift in Sources */ = {isa = PBXBuildFile; fileRef = 1317BD08218C526300D6D095 /* ContractProtocol.swift */; };
		1317BD77218C526300D6D095 /* ContractABIv2.swift in Sources */ = {isa = PBXBuildFile; fileRef = 1317BD09218C526300D6D095 /* ContractABIv2.swift */; };
		1317BD78218C526300D6D095 /* ERC20.swift in Sources */ = {isa = PBXBuildFile; fileRef = 1317BD0B218C526300D6D095 /* ERC20.swift */; };
		1317BD79218C526300D6D095 /* ERC721.swift in Sources */ = {isa = PBXBuildFile; fileRef = 1317BD0C218C526300D6D095 /* ERC721.swift */; };
		1317BD7A218C526300D6D095 /* ERC777.swift in Sources */ = {isa = PBXBuildFile; fileRef = 1317BD0D218C526300D6D095 /* ERC777.swift */; };
		1317BD8A218C526300D6D095 /* RLP.swift in Sources */ = {isa = PBXBuildFile; fileRef = 1317BD1F218C526300D6D095 /* RLP.swift */; };
		1317BD8B218C526300D6D095 /* EIP67Code.swift in Sources */ = {isa = PBXBuildFile; fileRef = 1317BD20218C526300D6D095 /* EIP67Code.swift */; };
		1317BD8C218C526300D6D095 /* DictionaryReader.swift in Sources */ = {isa = PBXBuildFile; fileRef = 1317BD22218C526300D6D095 /* DictionaryReader.swift */; };
		1317BD8D218C526300D6D095 /* TxPool.swift in Sources */ = {isa = PBXBuildFile; fileRef = 1317BD23218C526300D6D095 /* TxPool.swift */; };
		1317BD8E218C526300D6D095 /* DecoderExtensions.swift in Sources */ = {isa = PBXBuildFile; fileRef = 1317BD24218C526300D6D095 /* DecoderExtensions.swift */; };
		1317BDA2218C526300D6D095 /* Chain3+Wallet.swift in Sources */ = {isa = PBXBuildFile; fileRef = 1317BD3A218C526300D6D095 /* Chain3+Wallet.swift */; };
		1317BDA3218C526300D6D095 /* Chain3+BrowserFunctions.swift in Sources */ = {isa = PBXBuildFile; fileRef = 1317BD3B218C526300D6D095 /* Chain3+BrowserFunctions.swift */; };
		1317BDA4218C526300D6D095 /* ABIv2Parsing.swift in Sources */ = {isa = PBXBuildFile; fileRef = 1317BD3D218C526300D6D095 /* ABIv2Parsing.swift */; };
		1317BDA5218C526300D6D095 /* ABIv2Elements.swift in Sources */ = {isa = PBXBuildFile; fileRef = 1317BD3E218C526300D6D095 /* ABIv2Elements.swift */; };
		1317BDA6218C526300D6D095 /* ABIv2.swift in Sources */ = {isa = PBXBuildFile; fileRef = 1317BD3F218C526300D6D095 /* ABIv2.swift */; };
		1317BDA7218C526300D6D095 /* ABIv2TypeParser.swift in Sources */ = {isa = PBXBuildFile; fileRef = 1317BD40218C526300D6D095 /* ABIv2TypeParser.swift */; };
		1317BDA8218C526300D6D095 /* ABIv2Decoding.swift in Sources */ = {isa = PBXBuildFile; fileRef = 1317BD41218C526300D6D095 /* ABIv2Decoding.swift */; };
		1317BDA9218C526300D6D095 /* ABIv2ParameterTypes.swift in Sources */ = {isa = PBXBuildFile; fileRef = 1317BD42218C526300D6D095 /* ABIv2ParameterTypes.swift */; };
		1317BDAA218C526300D6D095 /* SolidityFunction.swift in Sources */ = {isa = PBXBuildFile; fileRef = 1317BD43218C526300D6D095 /* SolidityFunction.swift */; };
		1317BDAB218C526300D6D095 /* ABIv2Encoding.swift in Sources */ = {isa = PBXBuildFile; fileRef = 1317BD44218C526300D6D095 /* ABIv2Encoding.swift */; };
		1317BDAC218C526300D6D095 /* SolidityDataWriter.swift in Sources */ = {isa = PBXBuildFile; fileRef = 1317BD45218C526300D6D095 /* SolidityDataWriter.swift */; };
		1317BDAD218C526300D6D095 /* SolidityTypes.swift in Sources */ = {isa = PBXBuildFile; fileRef = 1317BD46218C526300D6D095 /* SolidityTypes.swift */; };
		1317BDAF218C526300D6D095 /* BlockExplorer.swift in Sources */ = {isa = PBXBuildFile; fileRef = 1317BD49218C526300D6D095 /* BlockExplorer.swift */; };
		1317BDB0218C526300D6D095 /* KeystoreManager.swift in Sources */ = {isa = PBXBuildFile; fileRef = 1317BD4B218C526300D6D095 /* KeystoreManager.swift */; };
		1317BDB1218C526300D6D095 /* IBAN.swift in Sources */ = {isa = PBXBuildFile; fileRef = 1317BD4C218C526300D6D095 /* IBAN.swift */; };
		1317BDB2218C526300D6D095 /* BIP39.swift in Sources */ = {isa = PBXBuildFile; fileRef = 1317BD4D218C526300D6D095 /* BIP39.swift */; };
		1317BDB3218C526300D6D095 /* BIP32HDNode.swift in Sources */ = {isa = PBXBuildFile; fileRef = 1317BD4E218C526300D6D095 /* BIP32HDNode.swift */; };
		1317BDB4218C526300D6D095 /* BIP39+WordLists.swift in Sources */ = {isa = PBXBuildFile; fileRef = 1317BD4F218C526300D6D095 /* BIP39+WordLists.swift */; };
		1317BDB5218C526300D6D095 /* BIP32Keystore.swift in Sources */ = {isa = PBXBuildFile; fileRef = 1317BD50218C526300D6D095 /* BIP32Keystore.swift */; };
		1317BDB6218C526300D6D095 /* LBRKeystoreV3.swift in Sources */ = {isa = PBXBuildFile; fileRef = 1317BD51218C526300D6D095 /* LBRKeystoreV3.swift */; };
		1317BDB7218C526300D6D095 /* BIP32KeystoreJSONStructure.swift in Sources */ = {isa = PBXBuildFile; fileRef = 1317BD52218C526300D6D095 /* BIP32KeystoreJSONStructure.swift */; };
		1317BDB8218C526300D6D095 /* HDPath.swift in Sources */ = {isa = PBXBuildFile; fileRef = 1317BD53218C526300D6D095 /* HDPath.swift */; };
		1317BDB9218C526300D6D095 /* LBRAddress.swift in Sources */ = {isa = PBXBuildFile; fileRef = 1317BD54218C526300D6D095 /* LBRAddress.swift */; };
		1317BDBA218C526300D6D095 /* PlainKeystore.swift in Sources */ = {isa = PBXBuildFile; fileRef = 1317BD55218C526300D6D095 /* PlainKeystore.swift */; };
		1317BDBB218C526300D6D095 /* AbstractKeystore.swift in Sources */ = {isa = PBXBuildFile; fileRef = 1317BD56218C526300D6D095 /* AbstractKeystore.swift */; };
		1317BDBC218C526300D6D095 /* KeystoreV3JSONStructure.swift in Sources */ = {isa = PBXBuildFile; fileRef = 1317BD57218C526300D6D095 /* KeystoreV3JSONStructure.swift */; };
		1317BDBD218C526300D6D095 /* Migration.swift in Sources */ = {isa = PBXBuildFile; fileRef = 1317BD58218C526300D6D095 /* Migration.swift */; };
		1317BDBE218C526300D6D095 /* RIPEMD160+StackOveflow.swift in Sources */ = {isa = PBXBuildFile; fileRef = 1317BD5A218C526300D6D095 /* RIPEMD160+StackOveflow.swift */; };
		1317BDBF218C526300D6D095 /* UInt256.swift in Sources */ = {isa = PBXBuildFile; fileRef = 1317BD5B218C526300D6D095 /* UInt256.swift */; };
		1317BDC0218C526300D6D095 /* CryptoExtensions.swift in Sources */ = {isa = PBXBuildFile; fileRef = 1317BD5C218C526300D6D095 /* CryptoExtensions.swift */; };
		1317BDC1218C526300D6D095 /* String+Extension.swift in Sources */ = {isa = PBXBuildFile; fileRef = 1317BD5D218C526300D6D095 /* String+Extension.swift */; };
		1317BDC2218C526300D6D095 /* LibSecp256k1Extension.swift in Sources */ = {isa = PBXBuildFile; fileRef = 1317BD5E218C526300D6D095 /* LibSecp256k1Extension.swift */; };
		1317BDC3218C526300D6D095 /* NSRegularExpressionExtension.swift in Sources */ = {isa = PBXBuildFile; fileRef = 1317BD5F218C526300D6D095 /* NSRegularExpressionExtension.swift */; };
		1317BDC4218C526300D6D095 /* Dictionary+Extension.swift in Sources */ = {isa = PBXBuildFile; fileRef = 1317BD60218C526300D6D095 /* Dictionary+Extension.swift */; };
		1317BDC5218C526300D6D095 /* Data+Extension.swift in Sources */ = {isa = PBXBuildFile; fileRef = 1317BD61218C526300D6D095 /* Data+Extension.swift */; };
		1317BDC6218C526300D6D095 /* NativeTypesEncoding+Extensions.swift in Sources */ = {isa = PBXBuildFile; fileRef = 1317BD62218C526300D6D095 /* NativeTypesEncoding+Extensions.swift */; };
		1317BDC7218C526300D6D095 /* Int+Sequence.swift in Sources */ = {isa = PBXBuildFile; fileRef = 1317BD63218C526300D6D095 /* Int+Sequence.swift */; };
		1317BDC8218C526300D6D095 /* Base58.swift in Sources */ = {isa = PBXBuildFile; fileRef = 1317BD64218C526300D6D095 /* Base58.swift */; };
		1317BDC9218C526300D6D095 /* Array+Extension.swift in Sources */ = {isa = PBXBuildFile; fileRef = 1317BD65218C526300D6D095 /* Array+Extension.swift */; };
		13397055219984480027E27C /* SecurityToken.swift in Sources */ = {isa = PBXBuildFile; fileRef = 13397054219984480027E27C /* SecurityToken.swift */; };
		133970572199876A0027E27C /* ERC888.swift in Sources */ = {isa = PBXBuildFile; fileRef = 133970562199876A0027E27C /* ERC888.swift */; };
		1353A30C21945AE000B4E6D0 /* chain3swift.h in Headers */ = {isa = PBXBuildFile; fileRef = 1353A30321945AE000B4E6D0 /* chain3swift.h */; settings = {ATTRIBUTES = (Public, ); }; };
		135945AB2195952600975EE3 /* Bridging.swift in Sources */ = {isa = PBXBuildFile; fileRef = 135945AA2195952600975EE3 /* Bridging.swift */; };
		13765D6A21964A9B005C483C /* C3TxPool.swift in Sources */ = {isa = PBXBuildFile; fileRef = 13765D5B21964A95005C483C /* C3TxPool.swift */; };
		13765D6B21964A9B005C483C /* C3Contracts.swift in Sources */ = {isa = PBXBuildFile; fileRef = 13765D5C21964A95005C483C /* C3Contracts.swift */; };
		13765D6C21964A9B005C483C /* C3Keystore.swift in Sources */ = {isa = PBXBuildFile; fileRef = 13765D5D21964A96005C483C /* C3Keystore.swift */; };
		13765D6D21964A9B005C483C /* C3Wallet.swift in Sources */ = {isa = PBXBuildFile; fileRef = 13765D5E21964A96005C483C /* C3Wallet.swift */; };
		13765D6E21964A9B005C483C /* C3TransactionIntermediate.swift in Sources */ = {isa = PBXBuildFile; fileRef = 13765D5F21964A97005C483C /* C3TransactionIntermediate.swift */; };
		13765D6F21964A9B005C483C /* C3Chain3.swift in Sources */ = {isa = PBXBuildFile; fileRef = 13765D6021964A97005C483C /* C3Chain3.swift */; };
		13765D7021964A9B005C483C /* C3MC.swift in Sources */ = {isa = PBXBuildFile; fileRef = 13765D6121964A97005C483C /* C3MC.swift */; };
		13765D7121964A9B005C483C /* C3Contract.swift in Sources */ = {isa = PBXBuildFile; fileRef = 13765D6221964A98005C483C /* C3Contract.swift */; };
		13765D7221964A9B005C483C /* C3UInt.swift in Sources */ = {isa = PBXBuildFile; fileRef = 13765D6321964A98005C483C /* C3UInt.swift */; };
		13765D7321964A9B005C483C /* C3Structs.swift in Sources */ = {isa = PBXBuildFile; fileRef = 13765D6421964A98005C483C /* C3Structs.swift */; };
		13765D7421964A9B005C483C /* C3Provider.swift in Sources */ = {isa = PBXBuildFile; fileRef = 13765D6521964A99005C483C /* C3Provider.swift */; };
		13765D7521964A9B005C483C /* C3JsonRpc.swift in Sources */ = {isa = PBXBuildFile; fileRef = 13765D6621964A99005C483C /* C3JsonRpc.swift */; };
		13765D7621964A9B005C483C /* C3Personal.swift in Sources */ = {isa = PBXBuildFile; fileRef = 13765D6721964A9A005C483C /* C3Personal.swift */; };
		13765D7821964A9B005C483C /* C3Transaction.swift in Sources */ = {isa = PBXBuildFile; fileRef = 13765D6921964A9B005C483C /* C3Transaction.swift */; };
		EE2C23DE219C7D5400E5F348 /* Chain3+HttpProvider.swift in Sources */ = {isa = PBXBuildFile; fileRef = EE2C23CE219C7D5400E5F348 /* Chain3+HttpProvider.swift */; };
		EE2C23DF219C7D5400E5F348 /* Chain3+Options.swift in Sources */ = {isa = PBXBuildFile; fileRef = EE2C23CF219C7D5400E5F348 /* Chain3+Options.swift */; };
		EE2C23E0219C7D5400E5F348 /* Chain3.swift in Sources */ = {isa = PBXBuildFile; fileRef = EE2C23D0219C7D5400E5F348 /* Chain3.swift */; };
		EE2C23E1219C7D5400E5F348 /* Chain3+TransactionIntermediate.swift in Sources */ = {isa = PBXBuildFile; fileRef = EE2C23D1219C7D5400E5F348 /* Chain3+TransactionIntermediate.swift */; };
		EE2C23E2219C7D5400E5F348 /* Chain3+Utils.swift in Sources */ = {isa = PBXBuildFile; fileRef = EE2C23D2219C7D5400E5F348 /* Chain3+Utils.swift */; };
		EE2C23E3219C7D5400E5F348 /* Chain3+Protocols.swift in Sources */ = {isa = PBXBuildFile; fileRef = EE2C23D3219C7D5400E5F348 /* Chain3+Protocols.swift */; };
		EE2C23E5219C7D5400E5F348 /* Chain3+EventParser.swift in Sources */ = {isa = PBXBuildFile; fileRef = EE2C23D5219C7D5400E5F348 /* Chain3+EventParser.swift */; };
		EE2C23E6219C7D5400E5F348 /* Chain3+Methods.swift in Sources */ = {isa = PBXBuildFile; fileRef = EE2C23D6219C7D5400E5F348 /* Chain3+Methods.swift */; };
		EE2C23E7219C7D5400E5F348 /* Chain3+Personal.swift in Sources */ = {isa = PBXBuildFile; fileRef = EE2C23D7219C7D5400E5F348 /* Chain3+Personal.swift */; };
		EE2C23E8219C7D5400E5F348 /* Chain3+JSONRPC.swift in Sources */ = {isa = PBXBuildFile; fileRef = EE2C23D8219C7D5400E5F348 /* Chain3+JSONRPC.swift */; };
		EE2C23E9219C7D5400E5F348 /* Chain3+MC.swift in Sources */ = {isa = PBXBuildFile; fileRef = EE2C23D9219C7D5400E5F348 /* Chain3+MC.swift */; };
		EE2C23EA219C7D5400E5F348 /* Chain3+Contract.swift in Sources */ = {isa = PBXBuildFile; fileRef = EE2C23DA219C7D5400E5F348 /* Chain3+Contract.swift */; };
		EE2C23EB219C7D5400E5F348 /* Chain3+Instance.swift in Sources */ = {isa = PBXBuildFile; fileRef = EE2C23DB219C7D5400E5F348 /* Chain3+Instance.swift */; };
		EE2C23EC219C7D5400E5F348 /* Batching.swift in Sources */ = {isa = PBXBuildFile; fileRef = EE2C23DC219C7D5400E5F348 /* Batching.swift */; };
		EE2C23ED219C7D5400E5F348 /* Chain3+Structures.swift in Sources */ = {isa = PBXBuildFile; fileRef = EE2C23DD219C7D5400E5F348 /* Chain3+Structures.swift */; };
		EE2C23F4219C997800E5F348 /* BigInt.framework in Frameworks */ = {isa = PBXBuildFile; fileRef = EE2C23EF219C997800E5F348 /* BigInt.framework */; };
		EE2C23F5219C997800E5F348 /* PromiseKit.framework in Frameworks */ = {isa = PBXBuildFile; fileRef = EE2C23F0219C997800E5F348 /* PromiseKit.framework */; };
		EE2C23F6219C997800E5F348 /* secp256k1.framework in Frameworks */ = {isa = PBXBuildFile; fileRef = EE2C23F1219C997800E5F348 /* secp256k1.framework */; };
		EE2C23F7219C997800E5F348 /* CryptoSwift.framework in Frameworks */ = {isa = PBXBuildFile; fileRef = EE2C23F2219C997800E5F348 /* CryptoSwift.framework */; };
		EE2C23F8219C997800E5F348 /* SipHash.framework in Frameworks */ = {isa = PBXBuildFile; fileRef = EE2C23F3219C997800E5F348 /* SipHash.framework */; };
		EE2C23FB219D3C9D00E5F348 /* Chain3+Infura.swift in Sources */ = {isa = PBXBuildFile; fileRef = EE2C23FA219D3C9D00E5F348 /* Chain3+Infura.swift */; };
		EEE622AF21AEF20A00B68520 /* LBRTests.swift in Sources */ = {isa = PBXBuildFile; fileRef = EE2C23FC219E2A8C00E5F348 /* LBRTests.swift */; };
		EEE622D121B7034800B68520 /* Chain3+Vnode.swift in Sources */ = {isa = PBXBuildFile; fileRef = EEE622D021B7034800B68520 /* Chain3+Vnode.swift */; };
		EEE622D321B862D800B68520 /* Chain3+SCS.swift in Sources */ = {isa = PBXBuildFile; fileRef = EEE622D221B862D800B68520 /* Chain3+SCS.swift */; };
/* End PBXBuildFile section */

/* Begin PBXFileReference section */
		1317BCE3218C50D100D6D095 /* chain3swift.framework */ = {isa = PBXFileReference; explicitFileType = wrapper.framework; includeInIndex = 0; path = chain3swift.framework; sourceTree = BUILT_PRODUCTS_DIR; };
		1317BCFF218C526300D6D095 /* BloomFilter.swift */ = {isa = PBXFileReference; fileEncoding = 4; lastKnownFileType = sourcecode.swift; path = BloomFilter.swift; sourceTree = "<group>"; };
		1317BD00218C526300D6D095 /* TransactionSigner.swift */ = {isa = PBXFileReference; fileEncoding = 4; lastKnownFileType = sourcecode.swift; path = TransactionSigner.swift; sourceTree = "<group>"; };
		1317BD01218C526300D6D095 /* LBRTransaction.swift */ = {isa = PBXFileReference; fileEncoding = 4; lastKnownFileType = sourcecode.swift; path = LBRTransaction.swift; sourceTree = "<group>"; };
		1317BD03218C526300D6D095 /* MCURL.swift */ = {isa = PBXFileReference; fileEncoding = 4; lastKnownFileType = sourcecode.swift; path = MCURL.swift; sourceTree = "<group>"; };
		1317BD05218C526300D6D095 /* EventFiltering.swift */ = {isa = PBXFileReference; fileEncoding = 4; lastKnownFileType = sourcecode.swift; path = EventFiltering.swift; sourceTree = "<group>"; };
		1317BD06218C526300D6D095 /* ComparisonExtensions.swift */ = {isa = PBXFileReference; fileEncoding = 4; lastKnownFileType = sourcecode.swift; path = ComparisonExtensions.swift; sourceTree = "<group>"; };
		1317BD07218C526300D6D095 /* LBRFilterEncodingExtensions.swift */ = {isa = PBXFileReference; fileEncoding = 4; lastKnownFileType = sourcecode.swift; path = LBRFilterEncodingExtensions.swift; sourceTree = "<group>"; };
		1317BD08218C526300D6D095 /* ContractProtocol.swift */ = {isa = PBXFileReference; fileEncoding = 4; lastKnownFileType = sourcecode.swift; path = ContractProtocol.swift; sourceTree = "<group>"; };
		1317BD09218C526300D6D095 /* ContractABIv2.swift */ = {isa = PBXFileReference; fileEncoding = 4; lastKnownFileType = sourcecode.swift; path = ContractABIv2.swift; sourceTree = "<group>"; };
		1317BD0B218C526300D6D095 /* ERC20.swift */ = {isa = PBXFileReference; fileEncoding = 4; lastKnownFileType = sourcecode.swift; path = ERC20.swift; sourceTree = "<group>"; };
		1317BD0C218C526300D6D095 /* ERC721.swift */ = {isa = PBXFileReference; fileEncoding = 4; lastKnownFileType = sourcecode.swift; path = ERC721.swift; sourceTree = "<group>"; };
		1317BD0D218C526300D6D095 /* ERC777.swift */ = {isa = PBXFileReference; fileEncoding = 4; lastKnownFileType = sourcecode.swift; path = ERC777.swift; sourceTree = "<group>"; };
		1317BD1F218C526300D6D095 /* RLP.swift */ = {isa = PBXFileReference; fileEncoding = 4; lastKnownFileType = sourcecode.swift; path = RLP.swift; sourceTree = "<group>"; };
		1317BD20218C526300D6D095 /* EIP67Code.swift */ = {isa = PBXFileReference; fileEncoding = 4; lastKnownFileType = sourcecode.swift; path = EIP67Code.swift; sourceTree = "<group>"; };
		1317BD22218C526300D6D095 /* DictionaryReader.swift */ = {isa = PBXFileReference; fileEncoding = 4; lastKnownFileType = sourcecode.swift; path = DictionaryReader.swift; sourceTree = "<group>"; };
		1317BD23218C526300D6D095 /* TxPool.swift */ = {isa = PBXFileReference; fileEncoding = 4; lastKnownFileType = sourcecode.swift; path = TxPool.swift; sourceTree = "<group>"; };
		1317BD24218C526300D6D095 /* DecoderExtensions.swift */ = {isa = PBXFileReference; fileEncoding = 4; lastKnownFileType = sourcecode.swift; path = DecoderExtensions.swift; sourceTree = "<group>"; };
		1317BD3A218C526300D6D095 /* Chain3+Wallet.swift */ = {isa = PBXFileReference; fileEncoding = 4; lastKnownFileType = sourcecode.swift; path = "Chain3+Wallet.swift"; sourceTree = "<group>"; };
		1317BD3B218C526300D6D095 /* Chain3+BrowserFunctions.swift */ = {isa = PBXFileReference; fileEncoding = 4; lastKnownFileType = sourcecode.swift; path = "Chain3+BrowserFunctions.swift"; sourceTree = "<group>"; };
		1317BD3D218C526300D6D095 /* ABIv2Parsing.swift */ = {isa = PBXFileReference; fileEncoding = 4; lastKnownFileType = sourcecode.swift; path = ABIv2Parsing.swift; sourceTree = "<group>"; };
		1317BD3E218C526300D6D095 /* ABIv2Elements.swift */ = {isa = PBXFileReference; fileEncoding = 4; lastKnownFileType = sourcecode.swift; path = ABIv2Elements.swift; sourceTree = "<group>"; };
		1317BD3F218C526300D6D095 /* ABIv2.swift */ = {isa = PBXFileReference; fileEncoding = 4; lastKnownFileType = sourcecode.swift; path = ABIv2.swift; sourceTree = "<group>"; };
		1317BD40218C526300D6D095 /* ABIv2TypeParser.swift */ = {isa = PBXFileReference; fileEncoding = 4; lastKnownFileType = sourcecode.swift; path = ABIv2TypeParser.swift; sourceTree = "<group>"; };
		1317BD41218C526300D6D095 /* ABIv2Decoding.swift */ = {isa = PBXFileReference; fileEncoding = 4; lastKnownFileType = sourcecode.swift; path = ABIv2Decoding.swift; sourceTree = "<group>"; };
		1317BD42218C526300D6D095 /* ABIv2ParameterTypes.swift */ = {isa = PBXFileReference; fileEncoding = 4; lastKnownFileType = sourcecode.swift; path = ABIv2ParameterTypes.swift; sourceTree = "<group>"; };
		1317BD43218C526300D6D095 /* SolidityFunction.swift */ = {isa = PBXFileReference; fileEncoding = 4; lastKnownFileType = sourcecode.swift; path = SolidityFunction.swift; sourceTree = "<group>"; };
		1317BD44218C526300D6D095 /* ABIv2Encoding.swift */ = {isa = PBXFileReference; fileEncoding = 4; lastKnownFileType = sourcecode.swift; path = ABIv2Encoding.swift; sourceTree = "<group>"; };
		1317BD45218C526300D6D095 /* SolidityDataWriter.swift */ = {isa = PBXFileReference; fileEncoding = 4; lastKnownFileType = sourcecode.swift; path = SolidityDataWriter.swift; sourceTree = "<group>"; };
		1317BD46218C526300D6D095 /* SolidityTypes.swift */ = {isa = PBXFileReference; fileEncoding = 4; lastKnownFileType = sourcecode.swift; path = SolidityTypes.swift; sourceTree = "<group>"; };
		1317BD49218C526300D6D095 /* BlockExplorer.swift */ = {isa = PBXFileReference; fileEncoding = 4; lastKnownFileType = sourcecode.swift; path = BlockExplorer.swift; sourceTree = "<group>"; };
		1317BD4B218C526300D6D095 /* KeystoreManager.swift */ = {isa = PBXFileReference; fileEncoding = 4; lastKnownFileType = sourcecode.swift; path = KeystoreManager.swift; sourceTree = "<group>"; };
		1317BD4C218C526300D6D095 /* IBAN.swift */ = {isa = PBXFileReference; fileEncoding = 4; lastKnownFileType = sourcecode.swift; path = IBAN.swift; sourceTree = "<group>"; };
		1317BD4D218C526300D6D095 /* BIP39.swift */ = {isa = PBXFileReference; fileEncoding = 4; lastKnownFileType = sourcecode.swift; path = BIP39.swift; sourceTree = "<group>"; };
		1317BD4E218C526300D6D095 /* BIP32HDNode.swift */ = {isa = PBXFileReference; fileEncoding = 4; lastKnownFileType = sourcecode.swift; path = BIP32HDNode.swift; sourceTree = "<group>"; };
		1317BD4F218C526300D6D095 /* BIP39+WordLists.swift */ = {isa = PBXFileReference; fileEncoding = 4; lastKnownFileType = sourcecode.swift; path = "BIP39+WordLists.swift"; sourceTree = "<group>"; };
		1317BD50218C526300D6D095 /* BIP32Keystore.swift */ = {isa = PBXFileReference; fileEncoding = 4; lastKnownFileType = sourcecode.swift; path = BIP32Keystore.swift; sourceTree = "<group>"; };
		1317BD51218C526300D6D095 /* LBRKeystoreV3.swift */ = {isa = PBXFileReference; fileEncoding = 4; lastKnownFileType = sourcecode.swift; path = LBRKeystoreV3.swift; sourceTree = "<group>"; };
		1317BD52218C526300D6D095 /* BIP32KeystoreJSONStructure.swift */ = {isa = PBXFileReference; fileEncoding = 4; lastKnownFileType = sourcecode.swift; path = BIP32KeystoreJSONStructure.swift; sourceTree = "<group>"; };
		1317BD53218C526300D6D095 /* HDPath.swift */ = {isa = PBXFileReference; fileEncoding = 4; lastKnownFileType = sourcecode.swift; path = HDPath.swift; sourceTree = "<group>"; };
		1317BD54218C526300D6D095 /* LBRAddress.swift */ = {isa = PBXFileReference; fileEncoding = 4; lastKnownFileType = sourcecode.swift; path = LBRAddress.swift; sourceTree = "<group>"; };
		1317BD55218C526300D6D095 /* PlainKeystore.swift */ = {isa = PBXFileReference; fileEncoding = 4; lastKnownFileType = sourcecode.swift; path = PlainKeystore.swift; sourceTree = "<group>"; };
		1317BD56218C526300D6D095 /* AbstractKeystore.swift */ = {isa = PBXFileReference; fileEncoding = 4; lastKnownFileType = sourcecode.swift; path = AbstractKeystore.swift; sourceTree = "<group>"; };
		1317BD57218C526300D6D095 /* KeystoreV3JSONStructure.swift */ = {isa = PBXFileReference; fileEncoding = 4; lastKnownFileType = sourcecode.swift; path = KeystoreV3JSONStructure.swift; sourceTree = "<group>"; };
		1317BD58218C526300D6D095 /* Migration.swift */ = {isa = PBXFileReference; fileEncoding = 4; lastKnownFileType = sourcecode.swift; path = Migration.swift; sourceTree = "<group>"; };
		1317BD5A218C526300D6D095 /* RIPEMD160+StackOveflow.swift */ = {isa = PBXFileReference; fileEncoding = 4; lastKnownFileType = sourcecode.swift; path = "RIPEMD160+StackOveflow.swift"; sourceTree = "<group>"; };
		1317BD5B218C526300D6D095 /* UInt256.swift */ = {isa = PBXFileReference; fileEncoding = 4; lastKnownFileType = sourcecode.swift; path = UInt256.swift; sourceTree = "<group>"; };
		1317BD5C218C526300D6D095 /* CryptoExtensions.swift */ = {isa = PBXFileReference; fileEncoding = 4; lastKnownFileType = sourcecode.swift; path = CryptoExtensions.swift; sourceTree = "<group>"; };
		1317BD5D218C526300D6D095 /* String+Extension.swift */ = {isa = PBXFileReference; fileEncoding = 4; lastKnownFileType = sourcecode.swift; path = "String+Extension.swift"; sourceTree = "<group>"; };
		1317BD5E218C526300D6D095 /* LibSecp256k1Extension.swift */ = {isa = PBXFileReference; fileEncoding = 4; lastKnownFileType = sourcecode.swift; path = LibSecp256k1Extension.swift; sourceTree = "<group>"; };
		1317BD5F218C526300D6D095 /* NSRegularExpressionExtension.swift */ = {isa = PBXFileReference; fileEncoding = 4; lastKnownFileType = sourcecode.swift; path = NSRegularExpressionExtension.swift; sourceTree = "<group>"; };
		1317BD60218C526300D6D095 /* Dictionary+Extension.swift */ = {isa = PBXFileReference; fileEncoding = 4; lastKnownFileType = sourcecode.swift; path = "Dictionary+Extension.swift"; sourceTree = "<group>"; };
		1317BD61218C526300D6D095 /* Data+Extension.swift */ = {isa = PBXFileReference; fileEncoding = 4; lastKnownFileType = sourcecode.swift; path = "Data+Extension.swift"; sourceTree = "<group>"; };
		1317BD62218C526300D6D095 /* NativeTypesEncoding+Extensions.swift */ = {isa = PBXFileReference; fileEncoding = 4; lastKnownFileType = sourcecode.swift; path = "NativeTypesEncoding+Extensions.swift"; sourceTree = "<group>"; };
		1317BD63218C526300D6D095 /* Int+Sequence.swift */ = {isa = PBXFileReference; fileEncoding = 4; lastKnownFileType = sourcecode.swift; path = "Int+Sequence.swift"; sourceTree = "<group>"; };
		1317BD64218C526300D6D095 /* Base58.swift */ = {isa = PBXFileReference; fileEncoding = 4; lastKnownFileType = sourcecode.swift; path = Base58.swift; sourceTree = "<group>"; };
		1317BD65218C526300D6D095 /* Array+Extension.swift */ = {isa = PBXFileReference; fileEncoding = 4; lastKnownFileType = sourcecode.swift; path = "Array+Extension.swift"; sourceTree = "<group>"; };
		1317BE22218C8A9E00D6D095 /* Cartfile */ = {isa = PBXFileReference; fileEncoding = 4; lastKnownFileType = text; path = Cartfile; sourceTree = "<group>"; };
		1317BE24218C8A9E00D6D095 /* Package.swift */ = {isa = PBXFileReference; fileEncoding = 4; lastKnownFileType = sourcecode.swift; path = Package.swift; sourceTree = "<group>"; };
		1317BE25218C8A9F00D6D095 /* README.md */ = {isa = PBXFileReference; fileEncoding = 4; lastKnownFileType = net.daringfireball.markdown; path = README.md; sourceTree = "<group>"; };
		1317BE26218C8A9F00D6D095 /* LICENSE.md */ = {isa = PBXFileReference; fileEncoding = 4; lastKnownFileType = net.daringfireball.markdown; path = LICENSE.md; sourceTree = "<group>"; };
		1317BE27218C8A9F00D6D095 /* chain3swift.podspec */ = {isa = PBXFileReference; fileEncoding = 4; lastKnownFileType = text; path = chain3swift.podspec; sourceTree = "<group>"; };
		13397054219984480027E27C /* SecurityToken.swift */ = {isa = PBXFileReference; lastKnownFileType = sourcecode.swift; path = SecurityToken.swift; sourceTree = "<group>"; };
		133970562199876A0027E27C /* ERC888.swift */ = {isa = PBXFileReference; lastKnownFileType = sourcecode.swift; path = ERC888.swift; sourceTree = "<group>"; };
		1353A30321945AE000B4E6D0 /* chain3swift.h */ = {isa = PBXFileReference; fileEncoding = 4; lastKnownFileType = sourcecode.c.h; name = chain3swift.h; path = Sources/ObjectiveC/chain3swift.h; sourceTree = SOURCE_ROOT; };
		135945AA2195952600975EE3 /* Bridging.swift */ = {isa = PBXFileReference; lastKnownFileType = sourcecode.swift; path = Bridging.swift; sourceTree = "<group>"; };
		13765D5B21964A95005C483C /* C3TxPool.swift */ = {isa = PBXFileReference; fileEncoding = 4; lastKnownFileType = sourcecode.swift; path = C3TxPool.swift; sourceTree = "<group>"; };
		13765D5C21964A95005C483C /* C3Contracts.swift */ = {isa = PBXFileReference; fileEncoding = 4; lastKnownFileType = sourcecode.swift; path = C3Contracts.swift; sourceTree = "<group>"; };
		13765D5D21964A96005C483C /* C3Keystore.swift */ = {isa = PBXFileReference; fileEncoding = 4; lastKnownFileType = sourcecode.swift; path = C3Keystore.swift; sourceTree = "<group>"; };
		13765D5E21964A96005C483C /* C3Wallet.swift */ = {isa = PBXFileReference; fileEncoding = 4; lastKnownFileType = sourcecode.swift; path = C3Wallet.swift; sourceTree = "<group>"; };
		13765D5F21964A97005C483C /* C3TransactionIntermediate.swift */ = {isa = PBXFileReference; fileEncoding = 4; lastKnownFileType = sourcecode.swift; path = C3TransactionIntermediate.swift; sourceTree = "<group>"; };
		13765D6021964A97005C483C /* C3Chain3.swift */ = {isa = PBXFileReference; fileEncoding = 4; lastKnownFileType = sourcecode.swift; path = C3Chain3.swift; sourceTree = "<group>"; };
		13765D6121964A97005C483C /* C3MC.swift */ = {isa = PBXFileReference; fileEncoding = 4; lastKnownFileType = sourcecode.swift; path = C3MC.swift; sourceTree = "<group>"; };
		13765D6221964A98005C483C /* C3Contract.swift */ = {isa = PBXFileReference; fileEncoding = 4; lastKnownFileType = sourcecode.swift; path = C3Contract.swift; sourceTree = "<group>"; };
		13765D6321964A98005C483C /* C3UInt.swift */ = {isa = PBXFileReference; fileEncoding = 4; lastKnownFileType = sourcecode.swift; path = C3UInt.swift; sourceTree = "<group>"; };
		13765D6421964A98005C483C /* C3Structs.swift */ = {isa = PBXFileReference; fileEncoding = 4; lastKnownFileType = sourcecode.swift; path = C3Structs.swift; sourceTree = "<group>"; };
		13765D6521964A99005C483C /* C3Provider.swift */ = {isa = PBXFileReference; fileEncoding = 4; lastKnownFileType = sourcecode.swift; path = C3Provider.swift; sourceTree = "<group>"; };
		13765D6621964A99005C483C /* C3JsonRpc.swift */ = {isa = PBXFileReference; fileEncoding = 4; lastKnownFileType = sourcecode.swift; path = C3JsonRpc.swift; sourceTree = "<group>"; };
		13765D6721964A9A005C483C /* C3Personal.swift */ = {isa = PBXFileReference; fileEncoding = 4; lastKnownFileType = sourcecode.swift; path = C3Personal.swift; sourceTree = "<group>"; };
		13765D6921964A9B005C483C /* C3Transaction.swift */ = {isa = PBXFileReference; fileEncoding = 4; lastKnownFileType = sourcecode.swift; path = C3Transaction.swift; sourceTree = "<group>"; };
		139751B7219AF76D0044D2B0 /* Tests.xctest */ = {isa = PBXFileReference; explicitFileType = wrapper.cfbundle; includeInIndex = 0; path = Tests.xctest; sourceTree = BUILT_PRODUCTS_DIR; };
		EE2C23CE219C7D5400E5F348 /* Chain3+HttpProvider.swift */ = {isa = PBXFileReference; fileEncoding = 4; lastKnownFileType = sourcecode.swift; path = "Chain3+HttpProvider.swift"; sourceTree = "<group>"; };
		EE2C23CF219C7D5400E5F348 /* Chain3+Options.swift */ = {isa = PBXFileReference; fileEncoding = 4; lastKnownFileType = sourcecode.swift; path = "Chain3+Options.swift"; sourceTree = "<group>"; };
		EE2C23D0219C7D5400E5F348 /* Chain3.swift */ = {isa = PBXFileReference; fileEncoding = 4; lastKnownFileType = sourcecode.swift; path = Chain3.swift; sourceTree = "<group>"; };
		EE2C23D1219C7D5400E5F348 /* Chain3+TransactionIntermediate.swift */ = {isa = PBXFileReference; fileEncoding = 4; lastKnownFileType = sourcecode.swift; path = "Chain3+TransactionIntermediate.swift"; sourceTree = "<group>"; };
		EE2C23D2219C7D5400E5F348 /* Chain3+Utils.swift */ = {isa = PBXFileReference; fileEncoding = 4; lastKnownFileType = sourcecode.swift; path = "Chain3+Utils.swift"; sourceTree = "<group>"; };
		EE2C23D3219C7D5400E5F348 /* Chain3+Protocols.swift */ = {isa = PBXFileReference; fileEncoding = 4; lastKnownFileType = sourcecode.swift; path = "Chain3+Protocols.swift"; sourceTree = "<group>"; };
		EE2C23D5219C7D5400E5F348 /* Chain3+EventParser.swift */ = {isa = PBXFileReference; fileEncoding = 4; lastKnownFileType = sourcecode.swift; path = "Chain3+EventParser.swift"; sourceTree = "<group>"; };
		EE2C23D6219C7D5400E5F348 /* Chain3+Methods.swift */ = {isa = PBXFileReference; fileEncoding = 4; lastKnownFileType = sourcecode.swift; path = "Chain3+Methods.swift"; sourceTree = "<group>"; };
		EE2C23D7219C7D5400E5F348 /* Chain3+Personal.swift */ = {isa = PBXFileReference; fileEncoding = 4; lastKnownFileType = sourcecode.swift; path = "Chain3+Personal.swift"; sourceTree = "<group>"; };
		EE2C23D8219C7D5400E5F348 /* Chain3+JSONRPC.swift */ = {isa = PBXFileReference; fileEncoding = 4; lastKnownFileType = sourcecode.swift; path = "Chain3+JSONRPC.swift"; sourceTree = "<group>"; };
		EE2C23D9219C7D5400E5F348 /* Chain3+MC.swift */ = {isa = PBXFileReference; fileEncoding = 4; lastKnownFileType = sourcecode.swift; path = "Chain3+MC.swift"; sourceTree = "<group>"; };
		EE2C23DA219C7D5400E5F348 /* Chain3+Contract.swift */ = {isa = PBXFileReference; fileEncoding = 4; lastKnownFileType = sourcecode.swift; path = "Chain3+Contract.swift"; sourceTree = "<group>"; };
		EE2C23DB219C7D5400E5F348 /* Chain3+Instance.swift */ = {isa = PBXFileReference; fileEncoding = 4; lastKnownFileType = sourcecode.swift; path = "Chain3+Instance.swift"; sourceTree = "<group>"; };
		EE2C23DC219C7D5400E5F348 /* Batching.swift */ = {isa = PBXFileReference; fileEncoding = 4; lastKnownFileType = sourcecode.swift; path = Batching.swift; sourceTree = "<group>"; };
		EE2C23DD219C7D5400E5F348 /* Chain3+Structures.swift */ = {isa = PBXFileReference; fileEncoding = 4; lastKnownFileType = sourcecode.swift; path = "Chain3+Structures.swift"; sourceTree = "<group>"; };
		EE2C23EF219C997800E5F348 /* BigInt.framework */ = {isa = PBXFileReference; lastKnownFileType = wrapper.framework; name = BigInt.framework; path = Carthage/Build/iOS/BigInt.framework; sourceTree = "<group>"; };
		EE2C23F0219C997800E5F348 /* PromiseKit.framework */ = {isa = PBXFileReference; lastKnownFileType = wrapper.framework; name = PromiseKit.framework; path = Carthage/Build/iOS/PromiseKit.framework; sourceTree = "<group>"; };
		EE2C23F1219C997800E5F348 /* secp256k1.framework */ = {isa = PBXFileReference; lastKnownFileType = wrapper.framework; name = secp256k1.framework; path = Carthage/Build/iOS/secp256k1.framework; sourceTree = "<group>"; };
		EE2C23F2219C997800E5F348 /* CryptoSwift.framework */ = {isa = PBXFileReference; lastKnownFileType = wrapper.framework; name = CryptoSwift.framework; path = Carthage/Build/iOS/CryptoSwift.framework; sourceTree = "<group>"; };
		EE2C23F3219C997800E5F348 /* SipHash.framework */ = {isa = PBXFileReference; lastKnownFileType = wrapper.framework; name = SipHash.framework; path = Carthage/Build/iOS/SipHash.framework; sourceTree = "<group>"; };
		EE2C23FA219D3C9D00E5F348 /* Chain3+Infura.swift */ = {isa = PBXFileReference; fileEncoding = 4; lastKnownFileType = sourcecode.swift; path = "Chain3+Infura.swift"; sourceTree = "<group>"; };
		EE2C23FC219E2A8C00E5F348 /* LBRTests.swift */ = {isa = PBXFileReference; lastKnownFileType = sourcecode.swift; path = LBRTests.swift; sourceTree = "<group>"; };
		EEE622AD21AEF1EF00B68520 /* Info.plist */ = {isa = PBXFileReference; fileEncoding = 4; lastKnownFileType = text.plist.xml; path = Info.plist; sourceTree = "<group>"; };
		EEE622D021B7034800B68520 /* Chain3+Vnode.swift */ = {isa = PBXFileReference; lastKnownFileType = sourcecode.swift; path = "Chain3+Vnode.swift"; sourceTree = "<group>"; };
		EEE622D221B862D800B68520 /* Chain3+SCS.swift */ = {isa = PBXFileReference; lastKnownFileType = sourcecode.swift; path = "Chain3+SCS.swift"; sourceTree = "<group>"; };
/* End PBXFileReference section */

/* Begin PBXFrameworksBuildPhase section */
		1317BCE0218C50D100D6D095 /* Frameworks */ = {
			isa = PBXFrameworksBuildPhase;
			buildActionMask = 2147483647;
			files = (
				EE2C23F4219C997800E5F348 /* BigInt.framework in Frameworks */,
				EE2C23F5219C997800E5F348 /* PromiseKit.framework in Frameworks */,
				EE2C23F6219C997800E5F348 /* secp256k1.framework in Frameworks */,
				EE2C23F7219C997800E5F348 /* CryptoSwift.framework in Frameworks */,
				EE2C23F8219C997800E5F348 /* SipHash.framework in Frameworks */,
			);
			runOnlyForDeploymentPostprocessing = 0;
		};
		139751B4219AF76D0044D2B0 /* Frameworks */ = {
			isa = PBXFrameworksBuildPhase;
			buildActionMask = 2147483647;
			files = (
			);
			runOnlyForDeploymentPostprocessing = 0;
		};
/* End PBXFrameworksBuildPhase section */

/* Begin PBXGroup section */
		1317BCD9218C50D100D6D095 = {
			isa = PBXGroup;
			children = (
				1317BE22218C8A9E00D6D095 /* Cartfile */,
				1317BE26218C8A9F00D6D095 /* LICENSE.md */,
				1317BE24218C8A9E00D6D095 /* Package.swift */,
				1317BE25218C8A9F00D6D095 /* README.md */,
				1317BE27218C8A9F00D6D095 /* chain3swift.podspec */,
				1317BCFD218C526300D6D095 /* Sources */,
				1317BDD2218C526C00D6D095 /* Tests */,
				1317BCE4218C50D100D6D095 /* Products */,
				EE2C23EE219C997800E5F348 /* Frameworks */,
			);
			sourceTree = "<group>";
		};
		1317BCE4218C50D100D6D095 /* Products */ = {
			isa = PBXGroup;
			children = (
				1317BCE3218C50D100D6D095 /* chain3swift.framework */,
				139751B7219AF76D0044D2B0 /* Tests.xctest */,
			);
			name = Products;
			sourceTree = "<group>";
		};
		1317BCFD218C526300D6D095 /* Sources */ = {
			isa = PBXGroup;
			children = (
				EE2C23CD219C7D5400E5F348 /* Chain3 */,
				133970582199D22A0027E27C /* Deprecated */,
				1317BD58218C526300D6D095 /* Migration.swift */,
				1317BCFE218C526300D6D095 /* Transaction */,
				1317BD02218C526300D6D095 /* MCURL */,
				1317BD04218C526300D6D095 /* Contract */,
				1317BD0A218C526300D6D095 /* Contracts */,
				1317BD1E218C526300D6D095 /* Utils */,
				1317BD21218C526300D6D095 /* TxPool */,
				1317BD39218C526300D6D095 /* HookedFunctions */,
				1317BD3C218C526300D6D095 /* ABIv2 */,
				1317BD4A218C526300D6D095 /* KeystoreManager */,
				1317BD59218C526300D6D095 /* Convenience */,
				1317BD66218C526300D6D095 /* ObjectiveC */,
			);
			path = Sources;
			sourceTree = "<group>";
		};
		1317BCFE218C526300D6D095 /* Transaction */ = {
			isa = PBXGroup;
			children = (
				1317BCFF218C526300D6D095 /* BloomFilter.swift */,
				1317BD00218C526300D6D095 /* TransactionSigner.swift */,
				1317BD01218C526300D6D095 /* LBRTransaction.swift */,
			);
			path = Transaction;
			sourceTree = "<group>";
		};
		1317BD02218C526300D6D095 /* MCURL */ = {
			isa = PBXGroup;
			children = (
				1317BD03218C526300D6D095 /* MCURL.swift */,
			);
			path = MCURL;
			sourceTree = "<group>";
		};
		1317BD04218C526300D6D095 /* Contract */ = {
			isa = PBXGroup;
			children = (
				1317BD05218C526300D6D095 /* EventFiltering.swift */,
				1317BD06218C526300D6D095 /* ComparisonExtensions.swift */,
				1317BD07218C526300D6D095 /* LBRFilterEncodingExtensions.swift */,
				1317BD08218C526300D6D095 /* ContractProtocol.swift */,
				1317BD09218C526300D6D095 /* ContractABIv2.swift */,
			);
			path = Contract;
			sourceTree = "<group>";
		};
		1317BD0A218C526300D6D095 /* Contracts */ = {
			isa = PBXGroup;
			children = (
				1317BD0B218C526300D6D095 /* ERC20.swift */,
				1317BD0C218C526300D6D095 /* ERC721.swift */,
				1317BD0D218C526300D6D095 /* ERC777.swift */,
				133970562199876A0027E27C /* ERC888.swift */,
				13397054219984480027E27C /* SecurityToken.swift */,
			);
			path = Contracts;
			sourceTree = "<group>";
		};
		1317BD1E218C526300D6D095 /* Utils */ = {
			isa = PBXGroup;
			children = (
				1317BD1F218C526300D6D095 /* RLP.swift */,
				1317BD20218C526300D6D095 /* EIP67Code.swift */,
			);
			path = Utils;
			sourceTree = "<group>";
		};
		1317BD21218C526300D6D095 /* TxPool */ = {
			isa = PBXGroup;
			children = (
				1317BD22218C526300D6D095 /* DictionaryReader.swift */,
				1317BD23218C526300D6D095 /* TxPool.swift */,
				1317BD24218C526300D6D095 /* DecoderExtensions.swift */,
			);
			path = TxPool;
			sourceTree = "<group>";
		};
		1317BD39218C526300D6D095 /* HookedFunctions */ = {
			isa = PBXGroup;
			children = (
				1317BD3A218C526300D6D095 /* Chain3+Wallet.swift */,
				1317BD3B218C526300D6D095 /* Chain3+BrowserFunctions.swift */,
			);
			path = HookedFunctions;
			sourceTree = "<group>";
		};
		1317BD3C218C526300D6D095 /* ABIv2 */ = {
			isa = PBXGroup;
			children = (
				1317BD3D218C526300D6D095 /* ABIv2Parsing.swift */,
				1317BD3E218C526300D6D095 /* ABIv2Elements.swift */,
				1317BD3F218C526300D6D095 /* ABIv2.swift */,
				1317BD40218C526300D6D095 /* ABIv2TypeParser.swift */,
				1317BD41218C526300D6D095 /* ABIv2Decoding.swift */,
				1317BD42218C526300D6D095 /* ABIv2ParameterTypes.swift */,
				1317BD44218C526300D6D095 /* ABIv2Encoding.swift */,
				1317BD43218C526300D6D095 /* SolidityFunction.swift */,
				1317BD45218C526300D6D095 /* SolidityDataWriter.swift */,
				1317BD46218C526300D6D095 /* SolidityTypes.swift */,
			);
			path = ABIv2;
			sourceTree = "<group>";
		};
		1317BD4A218C526300D6D095 /* KeystoreManager */ = {
			isa = PBXGroup;
			children = (
				1317BD4B218C526300D6D095 /* KeystoreManager.swift */,
				1317BD4C218C526300D6D095 /* IBAN.swift */,
				1317BD4D218C526300D6D095 /* BIP39.swift */,
				1317BD4E218C526300D6D095 /* BIP32HDNode.swift */,
				1317BD4F218C526300D6D095 /* BIP39+WordLists.swift */,
				1317BD50218C526300D6D095 /* BIP32Keystore.swift */,
				1317BD51218C526300D6D095 /* LBRKeystoreV3.swift */,
				1317BD52218C526300D6D095 /* BIP32KeystoreJSONStructure.swift */,
				1317BD53218C526300D6D095 /* HDPath.swift */,
				1317BD54218C526300D6D095 /* LBRAddress.swift */,
				1317BD55218C526300D6D095 /* PlainKeystore.swift */,
				1317BD56218C526300D6D095 /* AbstractKeystore.swift */,
				1317BD57218C526300D6D095 /* KeystoreV3JSONStructure.swift */,
			);
			path = KeystoreManager;
			sourceTree = "<group>";
		};
		1317BD59218C526300D6D095 /* Convenience */ = {
			isa = PBXGroup;
			children = (
				1317BD5A218C526300D6D095 /* RIPEMD160+StackOveflow.swift */,
				1317BD5B218C526300D6D095 /* UInt256.swift */,
				1317BD5C218C526300D6D095 /* CryptoExtensions.swift */,
				1317BD5D218C526300D6D095 /* String+Extension.swift */,
				1317BD5E218C526300D6D095 /* LibSecp256k1Extension.swift */,
				1317BD5F218C526300D6D095 /* NSRegularExpressionExtension.swift */,
				1317BD60218C526300D6D095 /* Dictionary+Extension.swift */,
				1317BD61218C526300D6D095 /* Data+Extension.swift */,
				1317BD62218C526300D6D095 /* NativeTypesEncoding+Extensions.swift */,
				1317BD63218C526300D6D095 /* Int+Sequence.swift */,
				1317BD64218C526300D6D095 /* Base58.swift */,
				1317BD65218C526300D6D095 /* Array+Extension.swift */,
			);
			path = Convenience;
			sourceTree = "<group>";
		};
		1317BD66218C526300D6D095 /* ObjectiveC */ = {
			isa = PBXGroup;
			children = (
				1353A30321945AE000B4E6D0 /* chain3swift.h */,
				135945AA2195952600975EE3 /* Bridging.swift */,
				13765D6421964A98005C483C /* C3Structs.swift */,
				13765D5D21964A96005C483C /* C3Keystore.swift */,
				13765D5C21964A95005C483C /* C3Contracts.swift */,
				13765D6321964A98005C483C /* C3UInt.swift */,
				13765D6921964A9B005C483C /* C3Transaction.swift */,
				13765D6621964A99005C483C /* C3JsonRpc.swift */,
				13765D6021964A97005C483C /* C3Chain3.swift */,
				13765D6521964A99005C483C /* C3Provider.swift */,
				13765D5B21964A95005C483C /* C3TxPool.swift */,
				13765D5F21964A97005C483C /* C3TransactionIntermediate.swift */,
				13765D6221964A98005C483C /* C3Contract.swift */,
				13765D6121964A97005C483C /* C3MC.swift */,
				13765D6721964A9A005C483C /* C3Personal.swift */,
				13765D5E21964A96005C483C /* C3Wallet.swift */,
			);
			path = ObjectiveC;
			sourceTree = "<group>";
		};
		1317BDD2218C526C00D6D095 /* Tests */ = {
			isa = PBXGroup;
			children = (
				EEE622AD21AEF1EF00B68520 /* Info.plist */,
				EE2C23FC219E2A8C00E5F348 /* LBRTests.swift */,
			);
			path = Tests;
			sourceTree = "<group>";
		};
		133970582199D22A0027E27C /* Deprecated */ = {
			isa = PBXGroup;
			children = (
				1317BD49218C526300D6D095 /* BlockExplorer.swift */,
			);
			path = Deprecated;
			sourceTree = "<group>";
		};
		EE2C23CD219C7D5400E5F348 /* Chain3 */ = {
			isa = PBXGroup;
			children = (
				EE2C23CE219C7D5400E5F348 /* Chain3+HttpProvider.swift */,
				EE2C23CF219C7D5400E5F348 /* Chain3+Options.swift */,
				EE2C23D0219C7D5400E5F348 /* Chain3.swift */,
				EE2C23D1219C7D5400E5F348 /* Chain3+TransactionIntermediate.swift */,
				EE2C23D2219C7D5400E5F348 /* Chain3+Utils.swift */,
				EE2C23D3219C7D5400E5F348 /* Chain3+Protocols.swift */,
				EE2C23D5219C7D5400E5F348 /* Chain3+EventParser.swift */,
				EE2C23D6219C7D5400E5F348 /* Chain3+Methods.swift */,
				EE2C23D7219C7D5400E5F348 /* Chain3+Personal.swift */,
				EE2C23D8219C7D5400E5F348 /* Chain3+JSONRPC.swift */,
				EE2C23FA219D3C9D00E5F348 /* Chain3+Infura.swift */,
				EE2C23D9219C7D5400E5F348 /* Chain3+MC.swift */,
				EEE622D021B7034800B68520 /* Chain3+Vnode.swift */,
				EEE622D221B862D800B68520 /* Chain3+SCS.swift */,
				EE2C23DA219C7D5400E5F348 /* Chain3+Contract.swift */,
				EE2C23DB219C7D5400E5F348 /* Chain3+Instance.swift */,
				EE2C23DC219C7D5400E5F348 /* Batching.swift */,
				EE2C23DD219C7D5400E5F348 /* Chain3+Structures.swift */,
			);
			path = Chain3;
			sourceTree = "<group>";
		};
		EE2C23EE219C997800E5F348 /* Frameworks */ = {
			isa = PBXGroup;
			children = (
				EE2C23EF219C997800E5F348 /* BigInt.framework */,
				EE2C23F2219C997800E5F348 /* CryptoSwift.framework */,
				EE2C23F0219C997800E5F348 /* PromiseKit.framework */,
				EE2C23F1219C997800E5F348 /* secp256k1.framework */,
				EE2C23F3219C997800E5F348 /* SipHash.framework */,
			);
			name = Frameworks;
			sourceTree = "<group>";
		};
/* End PBXGroup section */

/* Begin PBXHeadersBuildPhase section */
		1317BCDE218C50D100D6D095 /* Headers */ = {
			isa = PBXHeadersBuildPhase;
			buildActionMask = 2147483647;
			files = (
				1353A30C21945AE000B4E6D0 /* chain3swift.h in Headers */,
			);
			runOnlyForDeploymentPostprocessing = 0;
		};
/* End PBXHeadersBuildPhase section */

/* Begin PBXNativeTarget section */
		1317BCE2218C50D100D6D095 /* chain3swift */ = {
			isa = PBXNativeTarget;
			buildConfigurationList = 1317BCF7218C50D100D6D095 /* Build configuration list for PBXNativeTarget "chain3swift" */;
			buildPhases = (
				1317BCDE218C50D100D6D095 /* Headers */,
				1317BCDF218C50D100D6D095 /* Sources */,
				1317BCE0218C50D100D6D095 /* Frameworks */,
				1317BCE1218C50D100D6D095 /* Resources */,
				1317BE04218C5D1B00D6D095 /* Carthage */,
				EE2C23F9219C99AD00E5F348 /* ShellScript */,
			);
			buildRules = (
			);
			dependencies = (
			);
			name = chain3swift;
			productName = web3swift;
			productReference = 1317BCE3218C50D100D6D095 /* chain3swift.framework */;
			productType = "com.apple.product-type.framework";
		};
		139751B6219AF76D0044D2B0 /* Tests */ = {
			isa = PBXNativeTarget;
			buildConfigurationList = 139751BC219AF76D0044D2B0 /* Build configuration list for PBXNativeTarget "Tests" */;
			buildPhases = (
				139751B3219AF76D0044D2B0 /* Sources */,
				139751B4219AF76D0044D2B0 /* Frameworks */,
				139751B5219AF76D0044D2B0 /* Resources */,
				139751F0219AFA500044D2B0 /* Carthage */,
			);
			buildRules = (
			);
			dependencies = (
			);
			name = Tests;
			productName = Tests;
			productReference = 139751B7219AF76D0044D2B0 /* Tests.xctest */;
			productType = "com.apple.product-type.bundle.unit-test";
		};
/* End PBXNativeTarget section */

/* Begin PBXProject section */
		1317BCDA218C50D100D6D095 /* Project object */ = {
			isa = PBXProject;
			attributes = {
				LastSwiftUpdateCheck = 1010;
				LastUpgradeCheck = 1010;
				ORGANIZATIONNAME = "Bankex Foundation";
				TargetAttributes = {
					1317BCE2218C50D100D6D095 = {
						CreatedOnToolsVersion = 10.1;
					};
					139751B6219AF76D0044D2B0 = {
						CreatedOnToolsVersion = 10.1;
					};
				};
			};
			buildConfigurationList = 1317BCDD218C50D100D6D095 /* Build configuration list for PBXProject "chain3swift" */;
			compatibilityVersion = "Xcode 9.3";
			developmentRegion = en;
			hasScannedForEncodings = 0;
			knownRegions = (
				en,
			);
			mainGroup = 1317BCD9218C50D100D6D095;
			productRefGroup = 1317BCE4218C50D100D6D095 /* Products */;
			projectDirPath = "";
			projectRoot = "";
			targets = (
				1317BCE2218C50D100D6D095 /* chain3swift */,
				139751B6219AF76D0044D2B0 /* Tests */,
			);
		};
/* End PBXProject section */

/* Begin PBXResourcesBuildPhase section */
		1317BCE1218C50D100D6D095 /* Resources */ = {
			isa = PBXResourcesBuildPhase;
			buildActionMask = 2147483647;
			files = (
			);
			runOnlyForDeploymentPostprocessing = 0;
		};
		139751B5219AF76D0044D2B0 /* Resources */ = {
			isa = PBXResourcesBuildPhase;
			buildActionMask = 2147483647;
			files = (
			);
			runOnlyForDeploymentPostprocessing = 0;
		};
/* End PBXResourcesBuildPhase section */

/* Begin PBXShellScriptBuildPhase section */
		1317BE04218C5D1B00D6D095 /* Carthage */ = {
			isa = PBXShellScriptBuildPhase;
			buildActionMask = 2147483647;
			files = (
			);
			inputFileListPaths = (
			);
			inputPaths = (
			);
			name = Carthage;
			outputFileListPaths = (
			);
			outputPaths = (
			);
			runOnlyForDeploymentPostprocessing = 0;
			shellPath = /bin/sh;
			shellScript = "# Type a script or drag a script file from your workspace to insert its path.\nfor path in $FRAMEWORK_SEARCH_PATHS\ndo\nif [ -d \"${path}/Dip.framework\" ] && [[ $path == *\"Carthage\"* ]]; then\nexport SCRIPT_INPUT_FILE_COUNT=1\nexport SCRIPT_INPUT_FILE_0=\"${path}/Dip.framework\"\n/usr/local/bin/carthage copy-frameworks\nbreak\nfi\ndone\n";
		};
		139751F0219AFA500044D2B0 /* Carthage */ = {
			isa = PBXShellScriptBuildPhase;
			buildActionMask = 2147483647;
			files = (
			);
			inputFileListPaths = (
			);
			inputPaths = (
			);
			name = Carthage;
			outputFileListPaths = (
			);
			outputPaths = (
			);
			runOnlyForDeploymentPostprocessing = 0;
			shellPath = /bin/sh;
			shellScript = "# Type a script or drag a script file from your workspace to insert its path.\nfor path in $FRAMEWORK_SEARCH_PATHS\ndo\nif [ -d \"${path}/Dip.framework\" ] && [[ $path == *\"Carthage\"* ]]; then\nexport SCRIPT_INPUT_FILE_COUNT=1\nexport SCRIPT_INPUT_FILE_0=\"${path}/Dip.framework\"\n/usr/local/bin/carthage copy-frameworks\nbreak\nfi\ndone\n";
		};
		EE2C23F9219C99AD00E5F348 /* ShellScript */ = {
			isa = PBXShellScriptBuildPhase;
			buildActionMask = 2147483647;
			files = (
			);
			inputFileListPaths = (
			);
			inputPaths = (
				"$(SRCROOT)/Carthage/Build/iOS/BigInt.framework",
				"$(SRCROOT)/Carthage/Build/iOS/CryptoSwift.framework",
				"$(SRCROOT)/Carthage/Build/iOS/PromiseKit.framework",
				"$(SRCROOT)/Carthage/Build/iOS/secp256k1.framework",
				"$(SRCROOT)/Carthage/Build/iOS/SipHash.framework",
			);
			outputFileListPaths = (
			);
			outputPaths = (
				"$(DERIVED_FILE_DIR)/BigInt.framework",
				"$(DERIVED_FILE_DIR)/CryptoSwift.framework",
				"$(DERIVED_FILE_DIR)/PromiseKit.framework",
				"$(DERIVED_FILE_DIR)/secp256k1.framework",
				"$(DERIVED_FILE_DIR)/SipHash.framework",
			);
			runOnlyForDeploymentPostprocessing = 0;
			shellPath = /bin/sh;
			shellScript = "# Type a script or drag a script file from your workspace to insert its path.\n/usr/local/bin/carthage copy-frameworks\n";
		};
/* End PBXShellScriptBuildPhase section */

/* Begin PBXSourcesBuildPhase section */
		1317BCDF218C50D100D6D095 /* Sources */ = {
			isa = PBXSourcesBuildPhase;
			buildActionMask = 2147483647;
			files = (
				1317BDBF218C526300D6D095 /* UInt256.swift in Sources */,
				1317BDC4218C526300D6D095 /* Dictionary+Extension.swift in Sources */,
				13765D6F21964A9B005C483C /* C3Chain3.swift in Sources */,
				EE2C23E7219C7D5400E5F348 /* Chain3+Personal.swift in Sources */,
				EE2C23EB219C7D5400E5F348 /* Chain3+Instance.swift in Sources */,
				13765D7121964A9B005C483C /* C3Contract.swift in Sources */,
				1317BDAD218C526300D6D095 /* SolidityTypes.swift in Sources */,
				EE2C23E5219C7D5400E5F348 /* Chain3+EventParser.swift in Sources */,
				1317BDBD218C526300D6D095 /* Migration.swift in Sources */,
				EE2C23EA219C7D5400E5F348 /* Chain3+Contract.swift in Sources */,
				1317BD78218C526300D6D095 /* ERC20.swift in Sources */,
				1317BDC9218C526300D6D095 /* Array+Extension.swift in Sources */,
				EE2C23E1219C7D5400E5F348 /* Chain3+TransactionIntermediate.swift in Sources */,
				EE2C23E3219C7D5400E5F348 /* Chain3+Protocols.swift in Sources */,
				13765D6E21964A9B005C483C /* C3TransactionIntermediate.swift in Sources */,
				1317BDC8218C526300D6D095 /* Base58.swift in Sources */,
				EE2C23DF219C7D5400E5F348 /* Chain3+Options.swift in Sources */,
				EEE622D321B862D800B68520 /* Chain3+SCS.swift in Sources */,
				13765D7621964A9B005C483C /* C3Personal.swift in Sources */,
				1317BDB0218C526300D6D095 /* KeystoreManager.swift in Sources */,
				1317BDB3218C526300D6D095 /* BIP32HDNode.swift in Sources */,
				13765D7521964A9B005C483C /* C3JsonRpc.swift in Sources */,
				1317BD8D218C526300D6D095 /* TxPool.swift in Sources */,
				13765D7421964A9B005C483C /* C3Provider.swift in Sources */,
				1317BD75218C526300D6D095 /* LBRFilterEncodingExtensions.swift in Sources */,
				13765D6A21964A9B005C483C /* C3TxPool.swift in Sources */,
				1317BDB1218C526300D6D095 /* IBAN.swift in Sources */,
				1317BDA5218C526300D6D095 /* ABIv2Elements.swift in Sources */,
				1317BD8C218C526300D6D095 /* DictionaryReader.swift in Sources */,
				1317BD7A218C526300D6D095 /* ERC777.swift in Sources */,
				1317BDB6218C526300D6D095 /* LBRKeystoreV3.swift in Sources */,
				13765D7821964A9B005C483C /* C3Transaction.swift in Sources */,
				1317BDC6218C526300D6D095 /* NativeTypesEncoding+Extensions.swift in Sources */,
				EE2C23FB219D3C9D00E5F348 /* Chain3+Infura.swift in Sources */,
				1317BD76218C526300D6D095 /* ContractProtocol.swift in Sources */,
				EE2C23E6219C7D5400E5F348 /* Chain3+Methods.swift in Sources */,
				1317BDBC218C526300D6D095 /* KeystoreV3JSONStructure.swift in Sources */,
				1317BDA2218C526300D6D095 /* Chain3+Wallet.swift in Sources */,
				1317BD74218C526300D6D095 /* ComparisonExtensions.swift in Sources */,
				133970572199876A0027E27C /* ERC888.swift in Sources */,
				1317BDA3218C526300D6D095 /* Chain3+BrowserFunctions.swift in Sources */,
				1317BDB7218C526300D6D095 /* BIP32KeystoreJSONStructure.swift in Sources */,
				EE2C23E2219C7D5400E5F348 /* Chain3+Utils.swift in Sources */,
				1317BDB4218C526300D6D095 /* BIP39+WordLists.swift in Sources */,
				1317BDB9218C526300D6D095 /* LBRAddress.swift in Sources */,
				1317BDA9218C526300D6D095 /* ABIv2ParameterTypes.swift in Sources */,
				1317BDA7218C526300D6D095 /* ABIv2TypeParser.swift in Sources */,
				EE2C23E0219C7D5400E5F348 /* Chain3.swift in Sources */,
				1317BDAF218C526300D6D095 /* BlockExplorer.swift in Sources */,
				1317BDAC218C526300D6D095 /* SolidityDataWriter.swift in Sources */,
				1317BD70218C526300D6D095 /* TransactionSigner.swift in Sources */,
				13397055219984480027E27C /* SecurityToken.swift in Sources */,
				13765D6B21964A9B005C483C /* C3Contracts.swift in Sources */,
				1317BDB8218C526300D6D095 /* HDPath.swift in Sources */,
				13765D7021964A9B005C483C /* C3MC.swift in Sources */,
				EEE622D121B7034800B68520 /* Chain3+Vnode.swift in Sources */,
				1317BDAA218C526300D6D095 /* SolidityFunction.swift in Sources */,
				1317BDA6218C526300D6D095 /* ABIv2.swift in Sources */,
				13765D7221964A9B005C483C /* C3UInt.swift in Sources */,
				1317BDC7218C526300D6D095 /* Int+Sequence.swift in Sources */,
				EE2C23DE219C7D5400E5F348 /* Chain3+HttpProvider.swift in Sources */,
				13765D6C21964A9B005C483C /* C3Keystore.swift in Sources */,
				1317BD77218C526300D6D095 /* ContractABIv2.swift in Sources */,
				1317BDBA218C526300D6D095 /* PlainKeystore.swift in Sources */,
				EE2C23EC219C7D5400E5F348 /* Batching.swift in Sources */,
				EE2C23E8219C7D5400E5F348 /* Chain3+JSONRPC.swift in Sources */,
				1317BDC1218C526300D6D095 /* String+Extension.swift in Sources */,
				1317BDA8218C526300D6D095 /* ABIv2Decoding.swift in Sources */,
				1317BDC0218C526300D6D095 /* CryptoExtensions.swift in Sources */,
				1317BD6F218C526300D6D095 /* BloomFilter.swift in Sources */,
				1317BD73218C526300D6D095 /* EventFiltering.swift in Sources */,
				1317BD79218C526300D6D095 /* ERC721.swift in Sources */,
				EE2C23ED219C7D5400E5F348 /* Chain3+Structures.swift in Sources */,
				1317BDC5218C526300D6D095 /* Data+Extension.swift in Sources */,
				EE2C23E9219C7D5400E5F348 /* Chain3+MC.swift in Sources */,
				13765D6D21964A9B005C483C /* C3Wallet.swift in Sources */,
				1317BD8E218C526300D6D095 /* DecoderExtensions.swift in Sources */,
				135945AB2195952600975EE3 /* Bridging.swift in Sources */,
				1317BD8A218C526300D6D095 /* RLP.swift in Sources */,
				1317BDBE218C526300D6D095 /* RIPEMD160+StackOveflow.swift in Sources */,
				1317BDC2218C526300D6D095 /* LibSecp256k1Extension.swift in Sources */,
				1317BD71218C526300D6D095 /* LBRTransaction.swift in Sources */,
				1317BD8B218C526300D6D095 /* EIP67Code.swift in Sources */,
				1317BDB2218C526300D6D095 /* BIP39.swift in Sources */,
				1317BDB5218C526300D6D095 /* BIP32Keystore.swift in Sources */,
				1317BDAB218C526300D6D095 /* ABIv2Encoding.swift in Sources */,
				1317BDBB218C526300D6D095 /* AbstractKeystore.swift in Sources */,
				13765D7321964A9B005C483C /* C3Structs.swift in Sources */,
				1317BDC3218C526300D6D095 /* NSRegularExpressionExtension.swift in Sources */,
				1317BD72218C526300D6D095 /* MCURL.swift in Sources */,
				1317BDA4218C526300D6D095 /* ABIv2Parsing.swift in Sources */,
			);
			runOnlyForDeploymentPostprocessing = 0;
		};
		139751B3219AF76D0044D2B0 /* Sources */ = {
			isa = PBXSourcesBuildPhase;
			buildActionMask = 2147483647;
			files = (
				EEE622AF21AEF20A00B68520 /* LBRTests.swift in Sources */,
			);
			runOnlyForDeploymentPostprocessing = 0;
		};
/* End PBXSourcesBuildPhase section */

/* Begin XCBuildConfiguration section */
		1317BCF5218C50D100D6D095 /* Debug */ = {
			isa = XCBuildConfiguration;
			buildSettings = {
				ALWAYS_SEARCH_USER_PATHS = NO;
				CLANG_ANALYZER_NONNULL = YES;
				CLANG_ANALYZER_NUMBER_OBJECT_CONVERSION = YES_AGGRESSIVE;
				CLANG_CXX_LANGUAGE_STANDARD = "compiler-default";
				CLANG_CXX_LIBRARY = "compiler-default";
				CLANG_ENABLE_MODULES = NO;
				CLANG_ENABLE_OBJC_ARC = YES;
				CLANG_WARN_BLOCK_CAPTURE_AUTORELEASING = YES;
				CLANG_WARN_BOOL_CONVERSION = YES;
				CLANG_WARN_COMMA = YES;
				CLANG_WARN_CONSTANT_CONVERSION = YES;
				CLANG_WARN_DEPRECATED_OBJC_IMPLEMENTATIONS = YES;
				CLANG_WARN_DIRECT_OBJC_ISA_USAGE = YES_ERROR;
				CLANG_WARN_DOCUMENTATION_COMMENTS = YES;
				CLANG_WARN_EMPTY_BODY = YES;
				CLANG_WARN_ENUM_CONVERSION = YES;
				CLANG_WARN_INFINITE_RECURSION = YES;
				CLANG_WARN_INT_CONVERSION = YES;
				CLANG_WARN_NON_LITERAL_NULL_CONVERSION = YES;
				CLANG_WARN_OBJC_IMPLICIT_RETAIN_SELF = YES;
				CLANG_WARN_OBJC_LITERAL_CONVERSION = YES;
				CLANG_WARN_OBJC_ROOT_CLASS = YES_ERROR;
				CLANG_WARN_RANGE_LOOP_ANALYSIS = YES;
				CLANG_WARN_STRICT_PROTOTYPES = YES;
				CLANG_WARN_SUSPICIOUS_MOVE = YES;
				CLANG_WARN_UNGUARDED_AVAILABILITY = YES_AGGRESSIVE;
				CLANG_WARN_UNREACHABLE_CODE = YES;
				CLANG_WARN__DUPLICATE_METHOD_MATCH = YES;
				CODE_SIGN_IDENTITY = "-";
				COPY_PHASE_STRIP = NO;
				CURRENT_PROJECT_VERSION = 1;
				DEBUG_INFORMATION_FORMAT = dwarf;
				ENABLE_STRICT_OBJC_MSGSEND = YES;
				ENABLE_TESTABILITY = YES;
				GCC_C_LANGUAGE_STANDARD = "compiler-default";
				GCC_DYNAMIC_NO_PIC = NO;
				GCC_NO_COMMON_BLOCKS = YES;
				GCC_OPTIMIZATION_LEVEL = 0;
				GCC_PREPROCESSOR_DEFINITIONS = (
					"DEBUG=1",
					"$(inherited)",
				);
				GCC_WARN_64_TO_32_BIT_CONVERSION = YES;
				GCC_WARN_ABOUT_RETURN_TYPE = YES_ERROR;
				GCC_WARN_UNDECLARED_SELECTOR = YES;
				GCC_WARN_UNINITIALIZED_AUTOS = YES_AGGRESSIVE;
				GCC_WARN_UNUSED_FUNCTION = YES;
				GCC_WARN_UNUSED_VARIABLE = YES;
				MACOSX_DEPLOYMENT_TARGET = 10.14;
				MTL_ENABLE_DEBUG_INFO = INCLUDE_SOURCE;
				MTL_FAST_MATH = YES;
				ONLY_ACTIVE_ARCH = YES;
				SDKROOT = macosx;
				SWIFT_ACTIVE_COMPILATION_CONDITIONS = DEBUG;
				SWIFT_OPTIMIZATION_LEVEL = "-Onone";
				SWIFT_VERSION = 4.2;
				VERSIONING_SYSTEM = "apple-generic";
				VERSION_INFO_PREFIX = "";
			};
			name = Debug;
		};
		1317BCF6218C50D100D6D095 /* Release */ = {
			isa = XCBuildConfiguration;
			buildSettings = {
				ALWAYS_SEARCH_USER_PATHS = NO;
				CLANG_ANALYZER_NONNULL = YES;
				CLANG_ANALYZER_NUMBER_OBJECT_CONVERSION = YES_AGGRESSIVE;
				CLANG_CXX_LANGUAGE_STANDARD = "compiler-default";
				CLANG_CXX_LIBRARY = "compiler-default";
				CLANG_ENABLE_MODULES = NO;
				CLANG_ENABLE_OBJC_ARC = YES;
				CLANG_WARN_BLOCK_CAPTURE_AUTORELEASING = YES;
				CLANG_WARN_BOOL_CONVERSION = YES;
				CLANG_WARN_COMMA = YES;
				CLANG_WARN_CONSTANT_CONVERSION = YES;
				CLANG_WARN_DEPRECATED_OBJC_IMPLEMENTATIONS = YES;
				CLANG_WARN_DIRECT_OBJC_ISA_USAGE = YES_ERROR;
				CLANG_WARN_DOCUMENTATION_COMMENTS = YES;
				CLANG_WARN_EMPTY_BODY = YES;
				CLANG_WARN_ENUM_CONVERSION = YES;
				CLANG_WARN_INFINITE_RECURSION = YES;
				CLANG_WARN_INT_CONVERSION = YES;
				CLANG_WARN_NON_LITERAL_NULL_CONVERSION = YES;
				CLANG_WARN_OBJC_IMPLICIT_RETAIN_SELF = YES;
				CLANG_WARN_OBJC_LITERAL_CONVERSION = YES;
				CLANG_WARN_OBJC_ROOT_CLASS = YES_ERROR;
				CLANG_WARN_RANGE_LOOP_ANALYSIS = YES;
				CLANG_WARN_STRICT_PROTOTYPES = YES;
				CLANG_WARN_SUSPICIOUS_MOVE = YES;
				CLANG_WARN_UNGUARDED_AVAILABILITY = YES_AGGRESSIVE;
				CLANG_WARN_UNREACHABLE_CODE = YES;
				CLANG_WARN__DUPLICATE_METHOD_MATCH = YES;
				CODE_SIGN_IDENTITY = "-";
				COPY_PHASE_STRIP = NO;
				CURRENT_PROJECT_VERSION = 1;
				DEBUG_INFORMATION_FORMAT = "dwarf-with-dsym";
				ENABLE_NS_ASSERTIONS = NO;
				ENABLE_STRICT_OBJC_MSGSEND = YES;
				GCC_C_LANGUAGE_STANDARD = "compiler-default";
				GCC_NO_COMMON_BLOCKS = YES;
				GCC_WARN_64_TO_32_BIT_CONVERSION = YES;
				GCC_WARN_ABOUT_RETURN_TYPE = YES_ERROR;
				GCC_WARN_UNDECLARED_SELECTOR = YES;
				GCC_WARN_UNINITIALIZED_AUTOS = YES_AGGRESSIVE;
				GCC_WARN_UNUSED_FUNCTION = YES;
				GCC_WARN_UNUSED_VARIABLE = YES;
				MACOSX_DEPLOYMENT_TARGET = 10.14;
				MTL_ENABLE_DEBUG_INFO = NO;
				MTL_FAST_MATH = YES;
				SDKROOT = macosx;
				SWIFT_COMPILATION_MODE = wholemodule;
				SWIFT_OPTIMIZATION_LEVEL = "-O";
				SWIFT_VERSION = 4.2;
				VERSIONING_SYSTEM = "apple-generic";
				VERSION_INFO_PREFIX = "";
			};
			name = Release;
		};
		1317BCF8218C50D100D6D095 /* Debug */ = {
			isa = XCBuildConfiguration;
			buildSettings = {
				CODE_SIGN_IDENTITY = "Mac Developer";
				CODE_SIGN_STYLE = Automatic;
				COMBINE_HIDPI_IMAGES = YES;
				DEFINES_MODULE = YES;
				DEVELOPMENT_TEAM = "";
				DYLIB_COMPATIBILITY_VERSION = 1;
				DYLIB_CURRENT_VERSION = 1;
				DYLIB_INSTALL_NAME_BASE = "@rpath";
				FRAMEWORK_SEARCH_PATHS = (
					"$(inherited)",
					"$(PROJECT_DIR)/Carthage/Build/iOS",
				);
				"FRAMEWORK_SEARCH_PATHS[sdk=appletvos*]" = "$(SRCROOT)/Carthage/Build/tvOS";
				"FRAMEWORK_SEARCH_PATHS[sdk=appletvsimulator*]" = "$(SRCROOT)/Carthage/Build/tvOS";
				"FRAMEWORK_SEARCH_PATHS[sdk=iphoneos*]" = "$(SRCROOT)/Carthage/Build/iOS";
				"FRAMEWORK_SEARCH_PATHS[sdk=iphonesimulator*]" = "$(SRCROOT)/Carthage/Build/iOS";
				"FRAMEWORK_SEARCH_PATHS[sdk=macosx*]" = "$(SRCROOT)/Carthage/Build/Mac";
				"FRAMEWORK_SEARCH_PATHS[sdk=watchos*]" = "$(SRCROOT)/Carthage/Build/watchOS";
				"FRAMEWORK_SEARCH_PATHS[sdk=watchsimulator*]" = "$(SRCROOT)/Carthage/Build/watchOS";
				FRAMEWORK_VERSION = A;
				INFOPLIST_FILE = "$(SRCROOT)/Tests/Info.plist";
				INSTALL_PATH = "$(LOCAL_LIBRARY_DIR)/Frameworks";
				LD_RUNPATH_SEARCH_PATHS = (
					"$(inherited)",
					"@executable_path/../Frameworks",
					"@loader_path/Frameworks",
				);
				MACOSX_DEPLOYMENT_TARGET = 10.10;
				PRODUCT_BUNDLE_IDENTIFIER = liwei.zhang.chain3swift;
				PRODUCT_NAME = "$(TARGET_NAME:c99extidentifier)";
				SDKROOT = iphoneos;
				SKIP_INSTALL = YES;
				SUPPORTED_PLATFORMS = "macosx iphonesimulator iphoneos appletvsimulator appletvos watchos watchsimulator";
				SWIFT_VERSION = 4.2;
				TARGETED_DEVICE_FAMILY = "1,2";
			};
			name = Debug;
		};
		1317BCF9218C50D100D6D095 /* Release */ = {
			isa = XCBuildConfiguration;
			buildSettings = {
				CODE_SIGN_IDENTITY = "";
				CODE_SIGN_STYLE = Automatic;
				COMBINE_HIDPI_IMAGES = YES;
				DEFINES_MODULE = YES;
				DEVELOPMENT_TEAM = "";
				DYLIB_COMPATIBILITY_VERSION = 1;
				DYLIB_CURRENT_VERSION = 1;
				DYLIB_INSTALL_NAME_BASE = "@rpath";
				FRAMEWORK_SEARCH_PATHS = (
					"$(inherited)",
					"$(PROJECT_DIR)/Carthage/Build/iOS",
				);
				"FRAMEWORK_SEARCH_PATHS[sdk=appletvos*]" = "$(SRCROOT)/Carthage/Build/tvOS";
				"FRAMEWORK_SEARCH_PATHS[sdk=appletvsimulator*]" = "$(SRCROOT)/Carthage/Build/tvOS";
				"FRAMEWORK_SEARCH_PATHS[sdk=iphoneos*]" = "$(SRCROOT)/Carthage/Build/iOS";
				"FRAMEWORK_SEARCH_PATHS[sdk=iphonesimulator*]" = "$(SRCROOT)/Carthage/Build/iOS";
				"FRAMEWORK_SEARCH_PATHS[sdk=macosx*]" = "$(SRCROOT)/Carthage/Build/Mac";
				"FRAMEWORK_SEARCH_PATHS[sdk=watchos*]" = "$(SRCROOT)/Carthage/Build/watchOS";
				"FRAMEWORK_SEARCH_PATHS[sdk=watchsimulator*]" = "$(SRCROOT)/Carthage/Build/watchOS";
				FRAMEWORK_VERSION = A;
				INFOPLIST_FILE = "$(SRCROOT)/Tests/Info.plist";
				INSTALL_PATH = "$(LOCAL_LIBRARY_DIR)/Frameworks";
				LD_RUNPATH_SEARCH_PATHS = (
					"$(inherited)",
					"@executable_path/../Frameworks",
					"@loader_path/Frameworks",
				);
				MACOSX_DEPLOYMENT_TARGET = 10.10;
				PRODUCT_BUNDLE_IDENTIFIER = liwei.zhang.chain3swift;
				PRODUCT_NAME = "$(TARGET_NAME:c99extidentifier)";
				SDKROOT = iphoneos;
				SKIP_INSTALL = YES;
				SUPPORTED_PLATFORMS = "macosx iphonesimulator iphoneos appletvsimulator appletvos watchos watchsimulator";
				SWIFT_VERSION = 4.2;
				TARGETED_DEVICE_FAMILY = "1,2";
			};
			name = Release;
		};
		139751BD219AF76D0044D2B0 /* Debug */ = {
			isa = XCBuildConfiguration;
			buildSettings = {
				CLANG_CXX_LANGUAGE_STANDARD = "gnu++14";
				CLANG_CXX_LIBRARY = "libc++";
				CLANG_ENABLE_MODULES = YES;
				CLANG_ENABLE_OBJC_WEAK = YES;
				CODE_SIGN_IDENTITY = "Mac Developer";
				CODE_SIGN_STYLE = Automatic;
				DEVELOPMENT_TEAM = "";
				"FRAMEWORK_SEARCH_PATHS[sdk=appletvos*]" = "$(SRCROOT)/Carthage/Build/tvOS";
				"FRAMEWORK_SEARCH_PATHS[sdk=appletvsimulator*]" = "$(SRCROOT)/Carthage/Build/tvOS";
				"FRAMEWORK_SEARCH_PATHS[sdk=iphoneos*]" = "$(SRCROOT)/Carthage/Build/iOS";
				"FRAMEWORK_SEARCH_PATHS[sdk=iphonesimulator*]" = "$(SRCROOT)/Carthage/Build/iOS";
				"FRAMEWORK_SEARCH_PATHS[sdk=macosx*]" = "$(SRCROOT)/Carthage/Build/Mac";
				"FRAMEWORK_SEARCH_PATHS[sdk=watchos*]" = "$(SRCROOT)/Carthage/Build/watchOS";
				"FRAMEWORK_SEARCH_PATHS[sdk=watchsimulator*]" = "$(SRCROOT)/Carthage/Build/watchOS";
				GCC_C_LANGUAGE_STANDARD = gnu11;
				INFOPLIST_FILE = Tests/Info.plist;
				IPHONEOS_DEPLOYMENT_TARGET = 12.1;
				LD_RUNPATH_SEARCH_PATHS = (
					"$(inherited)",
					"$(PROJECT_DIR)/Carthage/Build/iOS",
					"@executable_path/../Frameworks",
					"@loader_path/Frameworks",
				);
				PRODUCT_BUNDLE_IDENTIFIER = org.bankexfoundation.Tests;
				PRODUCT_NAME = "$(TARGET_NAME)";
				PROVISIONING_PROFILE_SPECIFIER = "";
				SDKROOT = iphoneos;
				SUPPORTED_PLATFORMS = "macosx iphonesimulator iphoneos appletvsimulator appletvos watchos watchsimulator";
				SWIFT_VERSION = 4.2;
				TARGETED_DEVICE_FAMILY = "1,2";
			};
			name = Debug;
		};
		139751BE219AF76D0044D2B0 /* Release */ = {
			isa = XCBuildConfiguration;
			buildSettings = {
				CLANG_CXX_LANGUAGE_STANDARD = "gnu++14";
				CLANG_CXX_LIBRARY = "libc++";
				CLANG_ENABLE_MODULES = YES;
				CLANG_ENABLE_OBJC_WEAK = YES;
				CODE_SIGN_IDENTITY = "Mac Developer";
				CODE_SIGN_STYLE = Automatic;
				DEVELOPMENT_TEAM = "";
				"FRAMEWORK_SEARCH_PATHS[sdk=appletvos*]" = "$(SRCROOT)/Carthage/Build/tvOS";
				"FRAMEWORK_SEARCH_PATHS[sdk=appletvsimulator*]" = "$(SRCROOT)/Carthage/Build/tvOS";
				"FRAMEWORK_SEARCH_PATHS[sdk=iphoneos*]" = "$(SRCROOT)/Carthage/Build/iOS";
				"FRAMEWORK_SEARCH_PATHS[sdk=iphonesimulator*]" = "$(SRCROOT)/Carthage/Build/iOS";
				"FRAMEWORK_SEARCH_PATHS[sdk=macosx*]" = "$(SRCROOT)/Carthage/Build/Mac";
				"FRAMEWORK_SEARCH_PATHS[sdk=watchos*]" = "$(SRCROOT)/Carthage/Build/watchOS";
				"FRAMEWORK_SEARCH_PATHS[sdk=watchsimulator*]" = "$(SRCROOT)/Carthage/Build/watchOS";
				GCC_C_LANGUAGE_STANDARD = gnu11;
				INFOPLIST_FILE = Tests/Info.plist;
				IPHONEOS_DEPLOYMENT_TARGET = 12.1;
				LD_RUNPATH_SEARCH_PATHS = (
					"$(inherited)",
					"$(PROJECT_DIR)/Carthage/Build/iOS",
					"@executable_path/../Frameworks",
					"@loader_path/Frameworks",
				);
				PRODUCT_BUNDLE_IDENTIFIER = org.bankexfoundation.Tests;
				PRODUCT_NAME = "$(TARGET_NAME)";
				PROVISIONING_PROFILE_SPECIFIER = "";
				SDKROOT = iphoneos;
				SUPPORTED_PLATFORMS = "macosx iphonesimulator iphoneos appletvsimulator appletvos watchos watchsimulator";
				SWIFT_VERSION = 4.2;
				TARGETED_DEVICE_FAMILY = "1,2";
				VALIDATE_PRODUCT = YES;
			};
			name = Release;
		};
/* End XCBuildConfiguration section */

/* Begin XCConfigurationList section */
		1317BCDD218C50D100D6D095 /* Build configuration list for PBXProject "chain3swift" */ = {
			isa = XCConfigurationList;
			buildConfigurations = (
				1317BCF5218C50D100D6D095 /* Debug */,
				1317BCF6218C50D100D6D095 /* Release */,
			);
			defaultConfigurationIsVisible = 0;
			defaultConfigurationName = Release;
		};
		1317BCF7218C50D100D6D095 /* Build configuration list for PBXNativeTarget "chain3swift" */ = {
			isa = XCConfigurationList;
			buildConfigurations = (
				1317BCF8218C50D100D6D095 /* Debug */,
				1317BCF9218C50D100D6D095 /* Release */,
			);
			defaultConfigurationIsVisible = 0;
			defaultConfigurationName = Release;
		};
		139751BC219AF76D0044D2B0 /* Build configuration list for PBXNativeTarget "Tests" */ = {
			isa = XCConfigurationList;
			buildConfigurations = (
				139751BD219AF76D0044D2B0 /* Debug */,
				139751BE219AF76D0044D2B0 /* Release */,
			);
			defaultConfigurationIsVisible = 0;
			defaultConfigurationName = Release;
		};
/* End XCConfigurationList section */
	};
	rootObject = 1317BCDA218C50D100D6D095 /* Project object */;
}
